
Microsoft Visual Studio Solution File, Format Version 11.00
# Visual Studio 2010
Project("{FAE04EC0-301F-11D3-BF4B-00C04F79EFBC}") = "Mirror.Transports", "Mirror.Transports.csproj", "{806769a9-be49-c30b-b90d-3c491c7cf65b}"
EndProject
Project("{FAE04EC0-301F-11D3-BF4B-00C04F79EFBC}") = "SimpleWebTransport", "SimpleWebTransport.csproj", "{ce4d039f-20eb-2576-4d35-d569498ebd1b}"
EndProject
Project("{FAE04EC0-301F-11D3-BF4B-00C04F79EFBC}") = "Mirror.Examples", "Mirror.Examples.csproj", "{5d3c4dc4-54c9-e753-250a-b848d95538ca}"
EndProject
Project("{FAE04EC0-301F-11D3-BF4B-00C04F79EFBC}") = "Mirror", "Mirror.csproj", "{49fea88a-36b2-45d9-0611-e1486ac446c6}"
EndProject
Project("{FAE04EC0-301F-11D3-BF4B-00C04F79EFBC}") = "Mirror.Components", "Mirror.Components.csproj", "{88825400-c4db-5078-c35b-6ea4127767aa}"
EndProject
Project("{FAE04EC0-301F-11D3-BF4B-00C04F79EFBC}") = "Assembly-CSharp", "Assembly-CSharp.csproj", "{2233f7a9-07aa-9394-9297-79c10ad81453}"
EndProject
Project("{FAE04EC0-301F-11D3-BF4B-00C04F79EFBC}") = "Telepathy", "Telepathy.csproj", "{9b98c042-c800-5f3f-8aad-bfaeee52739b}"
EndProject
Project("{FAE04EC0-301F-11D3-BF4B-00C04F79EFBC}") = "kcp2k", "kcp2k.csproj", "{26e91e8c-1bd7-0d57-0cb5-457f3813a0c3}"
EndProject
Project("{FAE04EC0-301F-11D3-BF4B-00C04F79EFBC}") = "Mirror.Authenticators", "Mirror.Authenticators.csproj", "{7e849cfa-bd91-5b59-9647-c24e93bb55ef}"
EndProject
Project("{FAE04EC0-301F-11D3-BF4B-00C04F79EFBC}") = "Mirror.Hosting", "Mirror.Hosting.csproj", "{7fa2920d-b087-67ca-e573-1c751c5b3ef4}"
EndProject
Project("{FAE04EC0-301F-11D3-BF4B-00C04F79EFBC}") = "Unity.Mirror.CodeGen", "Unity.Mirror.CodeGen.csproj", "{63342ced-14f4-1239-19c2-f65767552d90}"
EndProject
Project("{FAE04EC0-301F-11D3-BF4B-00C04F79EFBC}") = "ParrelSync", "ParrelSync.csproj", "{e378eaec-6b57-9ef0-591a-f1f52a2ab63a}"
EndProject
Project("{FAE04EC0-301F-11D3-BF4B-00C04F79EFBC}") = "Mirror.Editor", "Mirror.Editor.csproj", "{4b7c5f65-a6e8-1333-bd81-1981bb51a00b}"
EndProject
Project("{FAE04EC0-301F-11D3-BF4B-00C04F79EFBC}") = "Mirror.CompilerSymbols", "Mirror.CompilerSymbols.csproj", "{ac240683-c441-5e80-a424-3b8589d65a83}"
EndProject
Project("{FAE04EC0-301F-11D3-BF4B-00C04F79EFBC}") = "EncryptionTransportEditor", "EncryptionTransportEditor.csproj", "{d07a1638-196d-edc5-6ef6-751efd7d6df2}"
EndProject
Global
	GlobalSection(SolutionConfigurationPlatforms) = preSolution
		Debug|Any CPU = Debug|Any CPU
	EndGlobalSection
	GlobalSection(ProjectConfigurationPlatforms) = postSolution
		{806769a9-be49-c30b-b90d-3c491c7cf65b}.Debug|Any CPU.ActiveCfg = Debug|Any CPU
		{806769a9-be49-c30b-b90d-3c491c7cf65b}.Debug|Any CPU.Build.0 = Debug|Any CPU
		{ce4d039f-20eb-2576-4d35-d569498ebd1b}.Debug|Any CPU.ActiveCfg = Debug|Any CPU
		{ce4d039f-20eb-2576-4d35-d569498ebd1b}.Debug|Any CPU.Build.0 = Debug|Any CPU
		{5d3c4dc4-54c9-e753-250a-b848d95538ca}.Debug|Any CPU.ActiveCfg = Debug|Any CPU
		{5d3c4dc4-54c9-e753-250a-b848d95538ca}.Debug|Any CPU.Build.0 = Debug|Any CPU
		{49fea88a-36b2-45d9-0611-e1486ac446c6}.Debug|Any CPU.ActiveCfg = Debug|Any CPU
		{49fea88a-36b2-45d9-0611-e1486ac446c6}.Debug|Any CPU.Build.0 = Debug|Any CPU
		{88825400-c4db-5078-c35b-6ea4127767aa}.Debug|Any CPU.ActiveCfg = Debug|Any CPU
		{88825400-c4db-5078-c35b-6ea4127767aa}.Debug|Any CPU.Build.0 = Debug|Any CPU
		{2233f7a9-07aa-9394-9297-79c10ad81453}.Debug|Any CPU.ActiveCfg = Debug|Any CPU
		{2233f7a9-07aa-9394-9297-79c10ad81453}.Debug|Any CPU.Build.0 = Debug|Any CPU
		{9b98c042-c800-5f3f-8aad-bfaeee52739b}.Debug|Any CPU.ActiveCfg = Debug|Any CPU
		{9b98c042-c800-5f3f-8aad-bfaeee52739b}.Debug|Any CPU.Build.0 = Debug|Any CPU
		{26e91e8c-1bd7-0d57-0cb5-457f3813a0c3}.Debug|Any CPU.ActiveCfg = Debug|Any CPU
		{26e91e8c-1bd7-0d57-0cb5-457f3813a0c3}.Debug|Any CPU.Build.0 = Debug|Any CPU
		{7e849cfa-bd91-5b59-9647-c24e93bb55ef}.Debug|Any CPU.ActiveCfg = Debug|Any CPU
		{7e849cfa-bd91-5b59-9647-c24e93bb55ef}.Debug|Any CPU.Build.0 = Debug|Any CPU
		{7fa2920d-b087-67ca-e573-1c751c5b3ef4}.Debug|Any CPU.ActiveCfg = Debug|Any CPU
		{7fa2920d-b087-67ca-e573-1c751c5b3ef4}.Debug|Any CPU.Build.0 = Debug|Any CPU
		{63342ced-14f4-1239-19c2-f65767552d90}.Debug|Any CPU.ActiveCfg = Debug|Any CPU
		{63342ced-14f4-1239-19c2-f65767552d90}.Debug|Any CPU.Build.0 = Debug|Any CPU
		{e378eaec-6b57-9ef0-591a-f1f52a2ab63a}.Debug|Any CPU.ActiveCfg = Debug|Any CPU
		{e378eaec-6b57-9ef0-591a-f1f52a2ab63a}.Debug|Any CPU.Build.0 = Debug|Any CPU
		{4b7c5f65-a6e8-1333-bd81-1981bb51a00b}.Debug|Any CPU.ActiveCfg = Debug|Any CPU
		{4b7c5f65-a6e8-1333-bd81-1981bb51a00b}.Debug|Any CPU.Build.0 = Debug|Any CPU
		{ac240683-c441-5e80-a424-3b8589d65a83}.Debug|Any CPU.ActiveCfg = Debug|Any CPU
		{ac240683-c441-5e80-a424-3b8589d65a83}.Debug|Any CPU.Build.0 = Debug|Any CPU
		{d07a1638-196d-edc5-6ef6-751efd7d6df2}.Debug|Any CPU.ActiveCfg = Debug|Any CPU
		{d07a1638-196d-edc5-6ef6-751efd7d6df2}.Debug|Any CPU.Build.0 = Debug|Any CPU
	EndGlobalSection
	GlobalSection(SolutionProperties) = preSolution
		HideSolutionNode = FALSE
	EndGlobalSection
EndGlobal
