
Microsoft Visual Studio Solution File, Format Version 11.00
# Visual Studio 2010
Project("{FAE04EC0-301F-11D3-BF4B-00C04F79EFBC}") = "Assembly-CSharp", "Assembly-CSharp.csproj", "{04a48a61-03c3-6adc-aa05-b45f03d8038b}"
EndProject
Project("{FAE04EC0-301F-11D3-BF4B-00C04F79EFBC}") = "SimpleWebTransport", "SimpleWebTransport.csproj", "{a1fc0158-5717-3594-8698-73bb89fa8368}"
EndProject
Project("{FAE04EC0-301F-11D3-BF4B-00C04F79EFBC}") = "Mirror", "Mirror.csproj", "{cbdf8658-ebb6-1893-9ca5-c7a31840b21d}"
EndProject
Project("{FAE04EC0-301F-11D3-BF4B-00C04F79EFBC}") = "Mirror.Transports", "Mirror.Transports.csproj", "{190424af-bffd-fa04-ab9f-2fe22acd6b17}"
EndProject
Project("{FAE04EC0-301F-11D3-BF4B-00C04F79EFBC}") = "Mirror.Components", "Mirror.Components.csproj", "{e248a0c2-2c0b-42e5-91a4-1559d83e33c5}"
EndProject
Project("{FAE04EC0-301F-11D3-BF4B-00C04F79EFBC}") = "Mirror.Examples", "Mirror.Examples.csproj", "{3cae8f23-a04d-8931-8f11-c1134d080d50}"
EndProject
Project("{FAE04EC0-301F-11D3-BF4B-00C04F79EFBC}") = "kcp2k", "kcp2k.csproj", "{c59ab3c5-0729-97a7-0016-7c9022b00ffd}"
EndProject
Project("{FAE04EC0-301F-11D3-BF4B-00C04F79EFBC}") = "Mirror.Authenticators", "Mirror.Authenticators.csproj", "{f5c8a309-444e-6c98-a12d-49659ba9adca}"
EndProject
Project("{FAE04EC0-301F-11D3-BF4B-00C04F79EFBC}") = "Telepathy", "Telepathy.csproj", "{a9008bad-39dd-860c-86c1-b11e822f6257}"
EndProject
Project("{FAE04EC0-301F-11D3-BF4B-00C04F79EFBC}") = "ParrelSync", "ParrelSync.csproj", "{35daff75-84f9-9497-abf0-a2df743aa3bb}"
EndProject
Project("{FAE04EC0-301F-11D3-BF4B-00C04F79EFBC}") = "Mirror.Hosting", "Mirror.Hosting.csproj", "{38568cba-cc8d-33dd-3d7a-3fad6296a179}"
EndProject
Project("{FAE04EC0-301F-11D3-BF4B-00C04F79EFBC}") = "Unity.Mirror.CodeGen", "Unity.Mirror.CodeGen.csproj", "{b38d2721-54e1-48f3-0496-2759420ad79f}"
EndProject
Project("{FAE04EC0-301F-11D3-BF4B-00C04F79EFBC}") = "Mirror.Editor", "Mirror.Editor.csproj", "{48c285c1-5d23-8a00-6a61-27164f0d8473}"
EndProject
Project("{FAE04EC0-301F-11D3-BF4B-00C04F79EFBC}") = "Mirror.CompilerSymbols", "Mirror.CompilerSymbols.csproj", "{78916735-62a3-a451-b982-1ce8af60acb8}"
EndProject
Project("{FAE04EC0-301F-11D3-BF4B-00C04F79EFBC}") = "EncryptionTransportEditor", "EncryptionTransportEditor.csproj", "{4b82561d-7572-9faa-b9b3-ddefdbd7bc13}"
EndProject
Global
	GlobalSection(SolutionConfigurationPlatforms) = preSolution
		Debug|Any CPU = Debug|Any CPU
	EndGlobalSection
	GlobalSection(ProjectConfigurationPlatforms) = postSolution
		{04a48a61-03c3-6adc-aa05-b45f03d8038b}.Debug|Any CPU.ActiveCfg = Debug|Any CPU
		{04a48a61-03c3-6adc-aa05-b45f03d8038b}.Debug|Any CPU.Build.0 = Debug|Any CPU
		{a1fc0158-5717-3594-8698-73bb89fa8368}.Debug|Any CPU.ActiveCfg = Debug|Any CPU
		{a1fc0158-5717-3594-8698-73bb89fa8368}.Debug|Any CPU.Build.0 = Debug|Any CPU
		{cbdf8658-ebb6-1893-9ca5-c7a31840b21d}.Debug|Any CPU.ActiveCfg = Debug|Any CPU
		{cbdf8658-ebb6-1893-9ca5-c7a31840b21d}.Debug|Any CPU.Build.0 = Debug|Any CPU
		{190424af-bffd-fa04-ab9f-2fe22acd6b17}.Debug|Any CPU.ActiveCfg = Debug|Any CPU
		{190424af-bffd-fa04-ab9f-2fe22acd6b17}.Debug|Any CPU.Build.0 = Debug|Any CPU
		{e248a0c2-2c0b-42e5-91a4-1559d83e33c5}.Debug|Any CPU.ActiveCfg = Debug|Any CPU
		{e248a0c2-2c0b-42e5-91a4-1559d83e33c5}.Debug|Any CPU.Build.0 = Debug|Any CPU
		{3cae8f23-a04d-8931-8f11-c1134d080d50}.Debug|Any CPU.ActiveCfg = Debug|Any CPU
		{3cae8f23-a04d-8931-8f11-c1134d080d50}.Debug|Any CPU.Build.0 = Debug|Any CPU
		{c59ab3c5-0729-97a7-0016-7c9022b00ffd}.Debug|Any CPU.ActiveCfg = Debug|Any CPU
		{c59ab3c5-0729-97a7-0016-7c9022b00ffd}.Debug|Any CPU.Build.0 = Debug|Any CPU
		{f5c8a309-444e-6c98-a12d-49659ba9adca}.Debug|Any CPU.ActiveCfg = Debug|Any CPU
		{f5c8a309-444e-6c98-a12d-49659ba9adca}.Debug|Any CPU.Build.0 = Debug|Any CPU
		{a9008bad-39dd-860c-86c1-b11e822f6257}.Debug|Any CPU.ActiveCfg = Debug|Any CPU
		{a9008bad-39dd-860c-86c1-b11e822f6257}.Debug|Any CPU.Build.0 = Debug|Any CPU
		{35daff75-84f9-9497-abf0-a2df743aa3bb}.Debug|Any CPU.ActiveCfg = Debug|Any CPU
		{35daff75-84f9-9497-abf0-a2df743aa3bb}.Debug|Any CPU.Build.0 = Debug|Any CPU
		{38568cba-cc8d-33dd-3d7a-3fad6296a179}.Debug|Any CPU.ActiveCfg = Debug|Any CPU
		{38568cba-cc8d-33dd-3d7a-3fad6296a179}.Debug|Any CPU.Build.0 = Debug|Any CPU
		{b38d2721-54e1-48f3-0496-2759420ad79f}.Debug|Any CPU.ActiveCfg = Debug|Any CPU
		{b38d2721-54e1-48f3-0496-2759420ad79f}.Debug|Any CPU.Build.0 = Debug|Any CPU
		{48c285c1-5d23-8a00-6a61-27164f0d8473}.Debug|Any CPU.ActiveCfg = Debug|Any CPU
		{48c285c1-5d23-8a00-6a61-27164f0d8473}.Debug|Any CPU.Build.0 = Debug|Any CPU
		{78916735-62a3-a451-b982-1ce8af60acb8}.Debug|Any CPU.ActiveCfg = Debug|Any CPU
		{78916735-62a3-a451-b982-1ce8af60acb8}.Debug|Any CPU.Build.0 = Debug|Any CPU
		{4b82561d-7572-9faa-b9b3-ddefdbd7bc13}.Debug|Any CPU.ActiveCfg = Debug|Any CPU
		{4b82561d-7572-9faa-b9b3-ddefdbd7bc13}.Debug|Any CPU.Build.0 = Debug|Any CPU
	EndGlobalSection
	GlobalSection(SolutionProperties) = preSolution
		HideSolutionNode = FALSE
	EndGlobalSection
EndGlobal
